# THIS IS AN AUTOGENERATED FILE. DO NOT EDIT THIS FILE DIRECTLY.
# yarn lockfile v1


millet@^0.3.0:
  version "0.3.0"
  resolved "https://registry.yarnpkg.com/millet/-/millet-0.3.0.tgz#9cd6f2a0ae6763733a2fe40ca4089e862631eb4d"
  integrity sha512-82kdnPy8UuGYk9iYZQis1VUYcNX5nrdN1cWvyd0TEe+Xfgw8WgvTFQiLm5lXjOxOMQ/lnFbsWFA5bUIwcaY9oQ==
